// !$*UTF8*$!
{
	archiveVersion = 1;
	classes = {
	};
	objectVersion = 56;
	objects = {

/* Begin PBXBuildFile section */
		BEC042E22A2CC463005B5BB2 /* ToDoList_CoreDataApp.swift in Sources */ = {isa = PBXBuildFile; fileRef = BEC042E12A2CC463005B5BB2 /* ToDoList_CoreDataApp.swift */; };
		BEC042E42A2CC463005B5BB2 /* ContentView.swift in Sources */ = {isa = PBXBuildFile; fileRef = BEC042E32A2CC463005B5BB2 /* ContentView.swift */; };
		BEC042E62A2CC464005B5BB2 /* Assets.xcassets in Resources */ = {isa = PBXBuildFile; fileRef = BEC042E52A2CC464005B5BB2 /* Assets.xcassets */; };
		BEC042E92A2CC464005B5BB2 /* Preview Assets.xcassets in Resources */ = {isa = PBXBuildFile; fileRef = BEC042E82A2CC464005B5BB2 /* Preview Assets.xcassets */; };
		BEC042EB2A2CC464005B5BB2 /* Persistence.swift in Sources */ = {isa = PBXBuildFile; fileRef = BEC042EA2A2CC464005B5BB2 /* Persistence.swift */; };
		BEC042EE2A2CC464005B5BB2 /* ToDoList_CoreData.xcdatamodeld in Sources */ = {isa = PBXBuildFile; fileRef = BEC042EC2A2CC464005B5BB2 /* ToDoList_CoreData.xcdatamodeld */; };
		BEC042F72A2CC506005B5BB2 /* Home.swift in Sources */ = {isa = PBXBuildFile; fileRef = BEC042F52A2CC506005B5BB2 /* Home.swift */; };
		BEC042F82A2CC506005B5BB2 /* CustomFilteringDataView.swift in Sources */ = {isa = PBXBuildFile; fileRef = BEC042F62A2CC506005B5BB2 /* CustomFilteringDataView.swift */; };
/* End PBXBuildFile section */

/* Begin PBXFileReference section */
		BEC042DE2A2CC463005B5BB2 /* ToDoList_CoreData.app */ = {isa = PBXFileReference; explicitFileType = wrapper.application; includeInIndex = 0; path = ToDoList_CoreData.app; sourceTree = BUILT_PRODUCTS_DIR; };
		BEC042E12A2CC463005B5BB2 /* ToDoList_CoreDataApp.swift */ = {isa = PBXFileReference; lastKnownFileType = sourcecode.swift; path = ToDoList_CoreDataApp.swift; sourceTree = "<group>"; };
		BEC042E32A2CC463005B5BB2 /* ContentView.swift */ = {isa = PBXFileReference; lastKnownFileType = sourcecode.swift; path = ContentView.swift; sourceTree = "<group>"; };
		BEC042E52A2CC464005B5BB2 /* Assets.xcassets */ = {isa = PBXFileReference; lastKnownFileType = folder.assetcatalog; path = Assets.xcassets; sourceTree = "<group>"; };
		BEC042E82A2CC464005B5BB2 /* Preview Assets.xcassets */ = {isa = PBXFileReference; lastKnownFileType = folder.assetcatalog; path = "Preview Assets.xcassets"; sourceTree = "<group>"; };
		BEC042EA2A2CC464005B5BB2 /* Persistence.swift */ = {isa = PBXFileReference; lastKnownFileType = sourcecode.swift; path = Persistence.swift; sourceTree = "<group>"; };
		BEC042ED2A2CC464005B5BB2 /* ToDoList_CoreData.xcdatamodel */ = {isa = PBXFileReference; lastKnownFileType = wrapper.xcdatamodel; path = ToDoList_CoreData.xcdatamodel; sourceTree = "<group>"; };
		BEC042F52A2CC506005B5BB2 /* Home.swift */ = {isa = PBXFileReference; fileEncoding = 4; lastKnownFileType = sourcecode.swift; path = Home.swift; sourceTree = "<group>"; };
		BEC042F62A2CC506005B5BB2 /* CustomFilteringDataView.swift */ = {isa = PBXFileReference; fileEncoding = 4; lastKnownFileType = sourcecode.swift; path = CustomFilteringDataView.swift; sourceTree = "<group>"; };
/* End PBXFileReference section */

/* Begin PBXFrameworksBuildPhase section */
		BEC042DB2A2CC463005B5BB2 /* Frameworks */ = {
			isa = PBXFrameworksBuildPhase;
			buildActionMask = 2147483647;
			files = (
			);
			runOnlyForDeploymentPostprocessing = 0;
		};
/* End PBXFrameworksBuildPhase section */

/* Begin PBXGroup section */
		BEC042D52A2CC463005B5BB2 = {
			isa = PBXGroup;
			children = (
				BEC042E02A2CC463005B5BB2 /* ToDoList_CoreData */,
				BEC042DF2A2CC463005B5BB2 /* Products */,
			);
			sourceTree = "<group>";
		};
		BEC042DF2A2CC463005B5BB2 /* Products */ = {
			isa = PBXGroup;
			children = (
				BEC042DE2A2CC463005B5BB2 /* ToDoList_CoreData.app */,
			);
			name = Products;
			sourceTree = "<group>";
		};
		BEC042E02A2CC463005B5BB2 /* ToDoList_CoreData */ = {
			isa = PBXGroup;
			children = (
				BEC042F42A2CC506005B5BB2 /* View */,
				BEC042E12A2CC463005B5BB2 /* ToDoList_CoreDataApp.swift */,
				BEC042E32A2CC463005B5BB2 /* ContentView.swift */,
				BEC042E52A2CC464005B5BB2 /* Assets.xcassets */,
				BEC042EA2A2CC464005B5BB2 /* Persistence.swift */,
				BEC042EC2A2CC464005B5BB2 /* ToDoList_CoreData.xcdatamodeld */,
				BEC042E72A2CC464005B5BB2 /* Preview Content */,
			);
			path = ToDoList_CoreData;
			sourceTree = "<group>";
		};
		BEC042E72A2CC464005B5BB2 /* Preview Content */ = {
			isa = PBXGroup;
			children = (
				BEC042E82A2CC464005B5BB2 /* Preview Assets.xcassets */,
			);
			path = "Preview Content";
			sourceTree = "<group>";
		};
		BEC042F42A2CC506005B5BB2 /* View */ = {
			isa = PBXGroup;
			children = (
				BEC042F52A2CC506005B5BB2 /* Home.swift */,
				BEC042F62A2CC506005B5BB2 /* CustomFilteringDataView.swift */,
			);
			path = View;
			sourceTree = "<group>";
		};
/* End PBXGroup section */

/* Begin PBXNativeTarget section */
		BEC042DD2A2CC463005B5BB2 /* ToDoList_CoreData */ = {
			isa = PBXNativeTarget;
			buildConfigurationList = BEC042F12A2CC464005B5BB2 /* Build configuration list for PBXNativeTarget "ToDoList_CoreData" */;
			buildPhases = (
				BEC042DA2A2CC463005B5BB2 /* Sources */,
				BEC042DB2A2CC463005B5BB2 /* Frameworks */,
				BEC042DC2A2CC463005B5BB2 /* Resources */,
			);
			buildRules = (
			);
			dependencies = (
			);
			name = ToDoList_CoreData;
			productName = ToDoList_CoreData;
			productReference = BEC042DE2A2CC463005B5BB2 /* ToDoList_CoreData.app */;
			productType = "com.apple.product-type.application";
		};
/* End PBXNativeTarget section */

/* Begin PBXProject section */
		BEC042D62A2CC463005B5BB2 /* Project object */ = {
			isa = PBXProject;
			attributes = {
				BuildIndependentTargetsInParallel = 1;
				LastSwiftUpdateCheck = 1430;
				LastUpgradeCheck = 1430;
				TargetAttributes = {
					BEC042DD2A2CC463005B5BB2 = {
						CreatedOnToolsVersion = 14.3;
					};
				};
			};
			buildConfigurationList = BEC042D92A2CC463005B5BB2 /* Build configuration list for PBXProject "ToDoList_CoreData" */;
			compatibilityVersion = "Xcode 14.0";
			developmentRegion = en;
			hasScannedForEncodings = 0;
			knownRegions = (
				en,
				Base,
			);
			mainGroup = BEC042D52A2CC463005B5BB2;
			productRefGroup = BEC042DF2A2CC463005B5BB2 /* Products */;
			projectDirPath = "";
			projectRoot = "";
			targets = (
				BEC042DD2A2CC463005B5BB2 /* ToDoList_CoreData */,
			);
		};
/* End PBXProject section */

/* Begin PBXResourcesBuildPhase section */
		BEC042DC2A2CC463005B5BB2 /* Resources */ = {
			isa = PBXResourcesBuildPhase;
			buildActionMask = 2147483647;
			files = (
				BEC042E92A2CC464005B5BB2 /* Preview Assets.xcassets in Resources */,
				BEC042E62A2CC464005B5BB2 /* Assets.xcassets in Resources */,
			);
			runOnlyForDeploymentPostprocessing = 0;
		};
/* End PBXResourcesBuildPhase section */

/* Begin PBXSourcesBuildPhase section */
		BEC042DA2A2CC463005B5BB2 /* Sources */ = {
			isa = PBXSourcesBuildPhase;
			buildActionMask = 2147483647;
			files = (
				BEC042EB2A2CC464005B5BB2 /* Persistence.swift in Sources */,
				BEC042E42A2CC463005B5BB2 /* ContentView.swift in Sources */,
				BEC042F72A2CC506005B5BB2 /* Home.swift in Sources */,
				BEC042EE2A2CC464005B5BB2 /* ToDoList_CoreData.xcdatamodeld in Sources */,
				BEC042F82A2CC506005B5BB2 /* CustomFilteringDataView.swift in Sources */,
				BEC042E22A2CC463005B5BB2 /* ToDoList_CoreDataApp.swift in Sources */,
			);
			runOnlyForDeploymentPostprocessing = 0;
		};
/* End PBXSourcesBuildPhase section */

/* Begin XCBuildConfiguration section */
		BEC042EF2A2CC464005B5BB2 /* Debug */ = {
			isa = XCBuildConfiguration;
			buildSettings = {
				ALWAYS_SEARCH_USER_PATHS = NO;
				CLANG_ANALYZER_NONNULL = YES;
				CLANG_ANALYZER_NUMBER_OBJECT_CONVERSION = YES_AGGRESSIVE;
				CLANG_CXX_LANGUAGE_STANDARD = "gnu++20";
				CLANG_ENABLE_MODULES = YES;
				CLANG_ENABLE_OBJC_ARC = YES;
				CLANG_ENABLE_OBJC_WEAK = YES;
				CLANG_WARN_BLOCK_CAPTURE_AUTORELEASING = YES;
				CLANG_WARN_BOOL_CONVERSION = YES;
				CLANG_WARN_COMMA = YES;
				CLANG_WARN_CONSTANT_CONVERSION = YES;
				CLANG_WARN_DEPRECATED_OBJC_IMPLEMENTATIONS = YES;
				CLANG_WARN_DIRECT_OBJC_ISA_USAGE = YES_ERROR;
				CLANG_WARN_DOCUMENTATION_COMMENTS = YES;
				CLANG_WARN_EMPTY_BODY = YES;
				CLANG_WARN_ENUM_CONVERSION = YES;
				CLANG_WARN_INFINITE_RECURSION = YES;
				CLANG_WARN_INT_CONVERSION = YES;
				CLANG_WARN_NON_LITERAL_NULL_CONVERSION = YES;
				CLANG_WARN_OBJC_IMPLICIT_RETAIN_SELF = YES;
				CLANG_WARN_OBJC_LITERAL_CONVERSION = YES;
				CLANG_WARN_OBJC_ROOT_CLASS = YES_ERROR;
				CLANG_WARN_QUOTED_INCLUDE_IN_FRAMEWORK_HEADER = YES;
				CLANG_WARN_RANGE_LOOP_ANALYSIS = YES;
				CLANG_WARN_STRICT_PROTOTYPES = YES;
				CLANG_WARN_SUSPICIOUS_MOVE = YES;
				CLANG_WARN_UNGUARDED_AVAILABILITY = YES_AGGRESSIVE;
				CLANG_WARN_UNREACHABLE_CODE = YES;
				CLANG_WARN__DUPLICATE_METHOD_MATCH = YES;
				COPY_PHASE_STRIP = NO;
				DEBUG_INFORMATION_FORMAT = dwarf;
				ENABLE_STRICT_OBJC_MSGSEND = YES;
				ENABLE_TESTABILITY = YES;
				GCC_C_LANGUAGE_STANDARD = gnu11;
				GCC_DYNAMIC_NO_PIC = NO;
				GCC_NO_COMMON_BLOCKS = YES;
				GCC_OPTIMIZATION_LEVEL = 0;
				GCC_PREPROCESSOR_DEFINITIONS = (
					"DEBUG=1",
					"$(inherited)",
				);
				GCC_WARN_64_TO_32_BIT_CONVERSION = YES;
				GCC_WARN_ABOUT_RETURN_TYPE = YES_ERROR;
				GCC_WARN_UNDECLARED_SELECTOR = YES;
				GCC_WARN_UNINITIALIZED_AUTOS = YES_AGGRESSIVE;
				GCC_WARN_UNUSED_FUNCTION = YES;
				GCC_WARN_UNUSED_VARIABLE = YES;
				IPHONEOS_DEPLOYMENT_TARGET = 16.4;
				MTL_ENABLE_DEBUG_INFO = INCLUDE_SOURCE;
				MTL_FAST_MATH = YES;
				ONLY_ACTIVE_ARCH = YES;
				SDKROOT = iphoneos;
				SWIFT_ACTIVE_COMPILATION_CONDITIONS = DEBUG;
				SWIFT_OPTIMIZATION_LEVEL = "-Onone";
			};
			name = Debug;
		};
		BEC042F02A2CC464005B5BB2 /* Release */ = {
			isa = XCBuildConfiguration;
			buildSettings = {
				ALWAYS_SEARCH_USER_PATHS = NO;
				CLANG_ANALYZER_NONNULL = YES;
				CLANG_ANALYZER_NUMBER_OBJECT_CONVERSION = YES_AGGRESSIVE;
				CLANG_CXX_LANGUAGE_STANDARD = "gnu++20";
				CLANG_ENABLE_MODULES = YES;
				CLANG_ENABLE_OBJC_ARC = YES;
				CLANG_ENABLE_OBJC_WEAK = YES;
				CLANG_WARN_BLOCK_CAPTURE_AUTORELEASING = YES;
				CLANG_WARN_BOOL_CONVERSION = YES;
				CLANG_WARN_COMMA = YES;
				CLANG_WARN_CONSTANT_CONVERSION = YES;
				CLANG_WARN_DEPRECATED_OBJC_IMPLEMENTATIONS = YES;
				CLANG_WARN_DIRECT_OBJC_ISA_USAGE = YES_ERROR;
				CLANG_WARN_DOCUMENTATION_COMMENTS = YES;
				CLANG_WARN_EMPTY_BODY = YES;
				CLANG_WARN_ENUM_CONVERSION = YES;
				CLANG_WARN_INFINITE_RECURSION = YES;
				CLANG_WARN_INT_CONVERSION = YES;
				CLANG_WARN_NON_LITERAL_NULL_CONVERSION = YES;
				CLANG_WARN_OBJC_IMPLICIT_RETAIN_SELF = YES;
				CLANG_WARN_OBJC_LITERAL_CONVERSION = YES;
				CLANG_WARN_OBJC_ROOT_CLASS = YES_ERROR;
				CLANG_WARN_QUOTED_INCLUDE_IN_FRAMEWORK_HEADER = YES;
				CLANG_WARN_RANGE_LOOP_ANALYSIS = YES;
				CLANG_WARN_STRICT_PROTOTYPES = YES;
				CLANG_WARN_SUSPICIOUS_MOVE = YES;
				CLANG_WARN_UNGUARDED_AVAILABILITY = YES_AGGRESSIVE;
				CLANG_WARN_UNREACHABLE_CODE = YES;
				CLANG_WARN__DUPLICATE_METHOD_MATCH = YES;
				COPY_PHASE_STRIP = NO;
				DEBUG_INFORMATION_FORMAT = "dwarf-with-dsym";
				ENABLE_NS_ASSERTIONS = NO;
				ENABLE_STRICT_OBJC_MSGSEND = YES;
				GCC_C_LANGUAGE_STANDARD = gnu11;
				GCC_NO_COMMON_BLOCKS = YES;
				GCC_WARN_64_TO_32_BIT_CONVERSION = YES;
				GCC_WARN_ABOUT_RETURN_TYPE = YES_ERROR;
				GCC_WARN_UNDECLARED_SELECTOR = YES;
				GCC_WARN_UNINITIALIZED_AUTOS = YES_AGGRESSIVE;
				GCC_WARN_UNUSED_FUNCTION = YES;
				GCC_WARN_UNUSED_VARIABLE = YES;
				IPHONEOS_DEPLOYMENT_TARGET = 16.4;
				MTL_ENABLE_DEBUG_INFO = NO;
				MTL_FAST_MATH = YES;
				SDKROOT = iphoneos;
				SWIFT_COMPILATION_MODE = wholemodule;
				SWIFT_OPTIMIZATION_LEVEL = "-O";
				VALIDATE_PRODUCT = YES;
			};
			name = Release;
		};
		BEC042F22A2CC464005B5BB2 /* Debug */ = {
			isa = XCBuildConfiguration;
			buildSettings = {
				ASSETCATALOG_COMPILER_APPICON_NAME = AppIcon;
				ASSETCATALOG_COMPILER_GLOBAL_ACCENT_COLOR_NAME = AccentColor;
				CODE_SIGN_STYLE = Automatic;
				CURRENT_PROJECT_VERSION = 1;
				DEVELOPMENT_ASSET_PATHS = "\"ToDoList_CoreData/Preview Content\"";
				DEVELOPMENT_TEAM = KLU4RK8QNS;
				ENABLE_PREVIEWS = YES;
				GENERATE_INFOPLIST_FILE = YES;
				INFOPLIST_KEY_UIApplicationSceneManifest_Generation = YES;
				INFOPLIST_KEY_UIApplicationSupportsIndirectInputEvents = YES;
				INFOPLIST_KEY_UILaunchScreen_Generation = YES;
				INFOPLIST_KEY_UISupportedInterfaceOrientations_iPad = "UIInterfaceOrientationPortrait UIInterfaceOrientationPortraitUpsideDown UIInterfaceOrientationLandscapeLeft UIInterfaceOrientationLandscapeRight";
				INFOPLIST_KEY_UISupportedInterfaceOrientations_iPhone = "UIInterfaceOrientationPortrait UIInterfaceOrientationLandscapeLeft UIInterfaceOrientationLandscapeRight";
				LD_RUNPATH_SEARCH_PATHS = (
					"$(inherited)",
					"@executable_path/Frameworks",
				);
				MARKETING_VERSION = 1.0;
				PRODUCT_BUNDLE_IDENTIFIER = "artemiithefrog.ToDoList-CoreData";
				PRODUCT_NAME = "$(TARGET_NAME)";
				SWIFT_EMIT_LOC_STRINGS = YES;
				SWIFT_VERSION = 5.0;
				TARGETED_DEVICE_FAMILY = "1,2";
			};
			name = Debug;
		};
		BEC042F32A2CC464005B5BB2 /* Release */ = {
			isa = XCBuildConfiguration;
			buildSettings = {
				ASSETCATALOG_COMPILER_APPICON_NAME = AppIcon;
				ASSETCATALOG_COMPILER_GLOBAL_ACCENT_COLOR_NAME = AccentColor;
				CODE_SIGN_STYLE = Automatic;
				CURRENT_PROJECT_VERSION = 1;
				DEVELOPMENT_ASSET_PATHS = "\"ToDoList_CoreData/Preview Content\"";
				DEVELOPMENT_TEAM = KLU4RK8QNS;
				ENABLE_PREVIEWS = YES;
				GENERATE_INFOPLIST_FILE = YES;
				INFOPLIST_KEY_UIApplicationSceneManifest_Generation = YES;
				INFOPLIST_KEY_UIApplicationSupportsIndirectInputEvents = YES;
				INFOPLIST_KEY_UILaunchScreen_Generation = YES;
				INFOPLIST_KEY_UISupportedInterfaceOrientations_iPad = "UIInterfaceOrientationPortrait UIInterfaceOrientationPortraitUpsideDown UIInterfaceOrientationLandscapeLeft UIInterfaceOrientationLandscapeRight";
				INFOPLIST_KEY_UISupportedInterfaceOrientations_iPhone = "UIInterfaceOrientationPortrait UIInterfaceOrientationLandscapeLeft UIInterfaceOrientationLandscapeRight";
				LD_RUNPATH_SEARCH_PATHS = (
					"$(inherited)",
					"@executable_path/Frameworks",
				);
				MARKETING_VERSION = 1.0;
				PRODUCT_BUNDLE_IDENTIFIER = "artemiithefrog.ToDoList-CoreData";
				PRODUCT_NAME = "$(TARGET_NAME)";
				SWIFT_EMIT_LOC_STRINGS = YES;
				SWIFT_VERSION = 5.0;
				TARGETED_DEVICE_FAMILY = "1,2";
			};
			name = Release;
		};
/* End XCBuildConfiguration section */

/* Begin XCConfigurationList section */
		BEC042D92A2CC463005B5BB2 /* Build configuration list for PBXProject "ToDoList_CoreData" */ = {
			isa = XCConfigurationList;
			buildConfigurations = (
				BEC042EF2A2CC464005B5BB2 /* Debug */,
				BEC042F02A2CC464005B5BB2 /* Release */,
			);
			defaultConfigurationIsVisible = 0;
			defaultConfigurationName = Release;
		};
		BEC042F12A2CC464005B5BB2 /* Build configuration list for PBXNativeTarget "ToDoList_CoreData" */ = {
			isa = XCConfigurationList;
			buildConfigurations = (
				BEC042F22A2CC464005B5BB2 /* Debug */,
				BEC042F32A2CC464005B5BB2 /* Release */,
			);
			defaultConfigurationIsVisible = 0;
			defaultConfigurationName = Release;
		};
/* End XCConfigurationList section */

/* Begin XCVersionGroup section */
		BEC042EC2A2CC464005B5BB2 /* ToDoList_CoreData.xcdatamodeld */ = {
			isa = XCVersionGroup;
			children = (
				BEC042ED2A2CC464005B5BB2 /* ToDoList_CoreData.xcdatamodel */,
			);
			currentVersion = BEC042ED2A2CC464005B5BB2 /* ToDoList_CoreData.xcdatamodel */;
			path = ToDoList_CoreData.xcdatamodeld;
			sourceTree = "<group>";
			versionGroupType = wrapper.xcdatamodel;
		};
/* End XCVersionGroup section */
	};
	rootObject = BEC042D62A2CC463005B5BB2 /* Project object */;
}
